LINUX_VERSION=7.2
LINUX_URL=https://cdn.kernel.org/pub/linux/kernel/v7.x/linux-7.2.tar.xz
LINUX_SHA256=f9fef3d14c0df53819026f4be74459835c2a0b0dcbf5b5bbd9ea19f0829402b3

FIRMWARE_URL=https://cdn.kernel.org/pub/linux/kernel/firmware/linux-firmware-20190312.tar.xz
ATHWLAN_SHA256=6e08f2c2017182a339d366b387b66d0a79695f1c843362f29ab77e11d3456a71
DATA_PATCH_SHA256=706cd9400ecd85035f0834856458adece8ee76718226a640f7732accb4292268
EEPROM_SHA256=a0754af6dddf6a80fbf96a04be201cf12a46f2eab65495326000acd5c30bf0f9
EEPROM_DATA_SHA256=2c8be8370f764cce2210c8198453de0d66be107707ded8577486899a227b33b8
