HARET_COMMIT=ef3a2d0b0791cd733627ebf3c2d1e5232527764b
HARET_VERSION=pre-0.5.3-aipc-1
HARET_SOURCE_DATE_EPOCH=1308757716
HARET_URL=https://github.com/haret/haret/archive/ef3a2d0b0791cd733627ebf3c2d1e5232527764b.tar.gz
HARET_SHA256=a3a4d6e4652edf2b82d1603036b832628899b9822d59f358d648a43579b15ea8

CEGCC_VERSION=2026-04-14-154823
CEGCC_X86_64_URL=https://github.com/brain-hackers/cegcc-build/releases/download/2026-04-14-154823/cegcc-x86_64-2026-04-14-154823.zip
CEGCC_X86_64_SHA256=3bcc5728ba1cc9c4d8cfabaed5c55650e0eacf2c3cf2b620d5739e99293ebb63
CEGCC_AARCH64_URL=https://github.com/brain-hackers/cegcc-build/releases/download/2026-04-14-154823/cegcc-aarch64-2026-04-14-154823.zip
CEGCC_AARCH64_SHA256=84a3ceec326e771968eaa8142bb795ca7eb3748d24d73adcc8ab401ad88ab904
